<?xml version="1.0" encoding="utf-8"?>
<Project ToolsVersion="16.0" xmlns="http://schemas.microsoft.com/developer/msbuild/2003">
  <ItemGroup>
    <CustomBuild Include="D:\work_space\MobileLMAPP\deploy\util\llama.cpp\build_cpu\CMakeFiles\efe1e262af0b4a33b8f7a4cd5e52e0d4\RUN_TESTS_force.rule">
      <Filter>CMake Rules</Filter>
    </CustomBuild>
  </ItemGroup>
  <ItemGroup>
    <Filter Include="CMake Rules">
      <UniqueIdentifier>{69321D61-E55B-3445-B928-B6F8667CDA24}</UniqueIdentifier>
    </Filter>
  </ItemGroup>
</Project>
