<?xml version="1.0" encoding="utf-8"?>
<Project ToolsVersion="16.0" xmlns="http://schemas.microsoft.com/developer/msbuild/2003">
  <ItemGroup>
    <ClCompile Include="D:\work_space\MobileLMAPP\deploy\util\llama.cpp\ggml\src\ggml.c">
      <Filter>Source Files</Filter>
    </ClCompile>
    <ClCompile Include="D:\work_space\MobileLMAPP\deploy\util\llama.cpp\ggml\src\ggml-alloc.c">
      <Filter>Source Files</Filter>
    </ClCompile>
    <ClCompile Include="D:\work_space\MobileLMAPP\deploy\util\llama.cpp\ggml\src\ggml-backend.cpp">
      <Filter>Source Files</Filter>
    </ClCompile>
    <ClCompile Include="D:\work_space\MobileLMAPP\deploy\util\llama.cpp\ggml\src\ggml-opt.cpp">
      <Filter>Source Files</Filter>
    </ClCompile>
    <ClCompile Include="D:\work_space\MobileLMAPP\deploy\util\llama.cpp\ggml\src\ggml-threading.cpp">
      <Filter>Source Files</Filter>
    </ClCompile>
    <ClCompile Include="D:\work_space\MobileLMAPP\deploy\util\llama.cpp\ggml\src\ggml-quants.c">
      <Filter>Source Files</Filter>
    </ClCompile>
    <ClCompile Include="D:\work_space\MobileLMAPP\deploy\util\llama.cpp\ggml\src\gguf.cpp">
      <Filter>Source Files</Filter>
    </ClCompile>
  </ItemGroup>
  <ItemGroup>
    <ClInclude Include="D:\work_space\MobileLMAPP\deploy\util\llama.cpp\ggml\include\ggml.h">
      <Filter>Header Files</Filter>
    </ClInclude>
    <ClInclude Include="D:\work_space\MobileLMAPP\deploy\util\llama.cpp\ggml\include\ggml-alloc.h">
      <Filter>Header Files</Filter>
    </ClInclude>
    <ClInclude Include="D:\work_space\MobileLMAPP\deploy\util\llama.cpp\ggml\include\ggml-backend.h">
      <Filter>Header Files</Filter>
    </ClInclude>
    <ClInclude Include="D:\work_space\MobileLMAPP\deploy\util\llama.cpp\ggml\include\ggml-cpp.h">
      <Filter>Header Files</Filter>
    </ClInclude>
    <ClInclude Include="D:\work_space\MobileLMAPP\deploy\util\llama.cpp\ggml\include\ggml-opt.h">
      <Filter>Header Files</Filter>
    </ClInclude>
    <ClInclude Include="D:\work_space\MobileLMAPP\deploy\util\llama.cpp\ggml\include\gguf.h">
      <Filter>Header Files</Filter>
    </ClInclude>
    <ClInclude Include="D:\work_space\MobileLMAPP\deploy\util\llama.cpp\ggml\src\ggml-threading.h">
      <Filter>Header Files</Filter>
    </ClInclude>
    <ClInclude Include="D:\work_space\MobileLMAPP\deploy\util\llama.cpp\ggml\src\ggml-quants.h">
      <Filter>Header Files</Filter>
    </ClInclude>
  </ItemGroup>
  <ItemGroup>
    <CustomBuild Include="D:\work_space\MobileLMAPP\deploy\util\llama.cpp\ggml\src\CMakeLists.txt" />
  </ItemGroup>
  <ItemGroup>
    <Filter Include="Header Files">
      <UniqueIdentifier>{F0CE58EE-5030-3B9C-9128-4D97CE018774}</UniqueIdentifier>
    </Filter>
    <Filter Include="Source Files">
      <UniqueIdentifier>{025D78FA-9276-3D54-86D1-E1A014C36CF5}</UniqueIdentifier>
    </Filter>
  </ItemGroup>
</Project>
